{
  "name": "module2",
  "version": "0.0.9",
  "lockfileVersion": 2,
  "requires": true,
  "packages": {
    "": {
      "name": "module2",
      "version": "0.0.8",
      "license": "ISC",
      "dependencies": {
        "@zpwingame/zzzzztest": "^0.0.8"
      }
    },
    "node_modules/@zpwingame/zzzzztest": {
      "version": "0.0.8",
      "resolved": "https://registry.npmjs.org/@zpwingame/zzzzztest/-/zzzzztest-0.0.8.tgz",
      "integrity": "sha512-VKiCubcYk6v5n2RkgjXVNIg39InOJ8vDZ0REELBROm/9MkDi34RY7kubFlGotizq0DPCjzPTfgJJ3t7ceb915A=="
    }
  },
  "dependencies": {
    "@zpwingame/zzzzztest": {
      "version": "0.0.8",
      "resolved": "https://registry.npmjs.org/@zpwingame/zzzzztest/-/zzzzztest-0.0.8.tgz",
      "integrity": "sha512-VKiCubcYk6v5n2RkgjXVNIg39InOJ8vDZ0REELBROm/9MkDi34RY7kubFlGotizq0DPCjzPTfgJJ3t7ceb915A=="
    }
  }
}
